// !$*UTF8*$!
{
	archiveVersion = 1;
	classes = {
	};
	objectVersion = 46;
	objects = {

/* Begin PBXBuildFile section */
		CE5443491C23F5690003857B /* alarmViewController.m in Sources */ = {isa = PBXBuildFile; fileRef = CE5443481C23F5690003857B /* alarmViewController.m */; };
		CE7CE2691C2019320004587F /* main.m in Sources */ = {isa = PBXBuildFile; fileRef = CE7CE2681C2019320004587F /* main.m */; };
		CE7CE26C1C2019320004587F /* AppDelegate.m in Sources */ = {isa = PBXBuildFile; fileRef = CE7CE26B1C2019320004587F /* AppDelegate.m */; };
		CE7CE26F1C2019320004587F /* ViewController.m in Sources */ = {isa = PBXBuildFile; fileRef = CE7CE26E1C2019320004587F /* ViewController.m */; };
		CE7CE2721C2019320004587F /* Main.storyboard in Resources */ = {isa = PBXBuildFile; fileRef = CE7CE2701C2019320004587F /* Main.storyboard */; };
		CE7CE2741C2019320004587F /* Assets.xcassets in Resources */ = {isa = PBXBuildFile; fileRef = CE7CE2731C2019320004587F /* Assets.xcassets */; };
		CE7CE2771C2019320004587F /* LaunchScreen.storyboard in Resources */ = {isa = PBXBuildFile; fileRef = CE7CE2751C2019320004587F /* LaunchScreen.storyboard */; };
		CE7CE2821C2019330004587F /* WachTests.m in Sources */ = {isa = PBXBuildFile; fileRef = CE7CE2811C2019330004587F /* WachTests.m */; };
		CE7CE28D1C2019330004587F /* WachUITests.m in Sources */ = {isa = PBXBuildFile; fileRef = CE7CE28C1C2019330004587F /* WachUITests.m */; };
		CE80815C1C27DE8E00A34260 /* repeatdayTableViewController.m in Sources */ = {isa = PBXBuildFile; fileRef = CE80815B1C27DE8E00A34260 /* repeatdayTableViewController.m */; };
		CE80815F1C27DEB000A34260 /* soundselect.m in Sources */ = {isa = PBXBuildFile; fileRef = CE80815E1C27DEB000A34260 /* soundselect.m */; };
		CE8081621C27DF2800A34260 /* comment.m in Sources */ = {isa = PBXBuildFile; fileRef = CE8081611C27DF2800A34260 /* comment.m */; };
		CE80816E1C282D6F00A34260 /* weekday.m in Sources */ = {isa = PBXBuildFile; fileRef = CE80816D1C282D6F00A34260 /* weekday.m */; };
		CE8081751C2842A600A34260 /* weekdays.m in Sources */ = {isa = PBXBuildFile; fileRef = CE8081741C2842A600A34260 /* weekdays.m */; };
		CE8081781C28432800A34260 /* soundpick.m in Sources */ = {isa = PBXBuildFile; fileRef = CE8081771C28432800A34260 /* soundpick.m */; };
		CE80817B1C284E8100A34260 /* alarmstart.m in Sources */ = {isa = PBXBuildFile; fileRef = CE80817A1C284E8100A34260 /* alarmstart.m */; };
		CEB0F0971C2191F900E032DA /* TableViewCell.m in Sources */ = {isa = PBXBuildFile; fileRef = CEB0F0951C2191F900E032DA /* TableViewCell.m */; };
		CEB0F0981C2191F900E032DA /* TableViewCell.xib in Resources */ = {isa = PBXBuildFile; fileRef = CEB0F0961C2191F900E032DA /* TableViewCell.xib */; };
/* End PBXBuildFile section */

/* Begin PBXContainerItemProxy section */
		CE7CE27E1C2019330004587F /* PBXContainerItemProxy */ = {
			isa = PBXContainerItemProxy;
			containerPortal = CE7CE25C1C2019320004587F /* Project object */;
			proxyType = 1;
			remoteGlobalIDString = CE7CE2631C2019320004587F;
			remoteInfo = Wach;
		};
		CE7CE2891C2019330004587F /* PBXContainerItemProxy */ = {
			isa = PBXContainerItemProxy;
			containerPortal = CE7CE25C1C2019320004587F /* Project object */;
			proxyType = 1;
			remoteGlobalIDString = CE7CE2631C2019320004587F;
			remoteInfo = Wach;
		};
/* End PBXContainerItemProxy section */

/* Begin PBXFileReference section */
		CE5443471C23F5690003857B /* alarmViewController.h */ = {isa = PBXFileReference; fileEncoding = 4; lastKnownFileType = sourcecode.c.h; path = alarmViewController.h; sourceTree = "<group>"; };
		CE5443481C23F5690003857B /* alarmViewController.m */ = {isa = PBXFileReference; fileEncoding = 4; lastKnownFileType = sourcecode.c.objc; path = alarmViewController.m; sourceTree = "<group>"; };
		CE7CE2641C2019320004587F /* Wach.app */ = {isa = PBXFileReference; explicitFileType = wrapper.application; includeInIndex = 0; path = Wach.app; sourceTree = BUILT_PRODUCTS_DIR; };
		CE7CE2681C2019320004587F /* main.m */ = {isa = PBXFileReference; lastKnownFileType = sourcecode.c.objc; path = main.m; sourceTree = "<group>"; };
		CE7CE26A1C2019320004587F /* AppDelegate.h */ = {isa = PBXFileReference; lastKnownFileType = sourcecode.c.h; path = AppDelegate.h; sourceTree = "<group>"; };
		CE7CE26B1C2019320004587F /* AppDelegate.m */ = {isa = PBXFileReference; lastKnownFileType = sourcecode.c.objc; path = AppDelegate.m; sourceTree = "<group>"; };
		CE7CE26D1C2019320004587F /* ViewController.h */ = {isa = PBXFileReference; lastKnownFileType = sourcecode.c.h; path = ViewController.h; sourceTree = "<group>"; };
		CE7CE26E1C2019320004587F /* ViewController.m */ = {isa = PBXFileReference; lastKnownFileType = sourcecode.c.objc; path = ViewController.m; sourceTree = "<group>"; };
		CE7CE2711C2019320004587F /* Base */ = {isa = PBXFileReference; lastKnownFileType = file.storyboard; name = Base; path = Base.lproj/Main.storyboard; sourceTree = "<group>"; };
		CE7CE2731C2019320004587F /* Assets.xcassets */ = {isa = PBXFileReference; lastKnownFileType = folder.assetcatalog; path = Assets.xcassets; sourceTree = "<group>"; };
		CE7CE2761C2019320004587F /* Base */ = {isa = PBXFileReference; lastKnownFileType = file.storyboard; name = Base; path = Base.lproj/LaunchScreen.storyboard; sourceTree = "<group>"; };
		CE7CE2781C2019320004587F /* Info.plist */ = {isa = PBXFileReference; lastKnownFileType = text.plist.xml; path = Info.plist; sourceTree = "<group>"; };
		CE7CE27D1C2019330004587F /* WachTests.xctest */ = {isa = PBXFileReference; explicitFileType = wrapper.cfbundle; includeInIndex = 0; path = WachTests.xctest; sourceTree = BUILT_PRODUCTS_DIR; };
		CE7CE2811C2019330004587F /* WachTests.m */ = {isa = PBXFileReference; lastKnownFileType = sourcecode.c.objc; path = WachTests.m; sourceTree = "<group>"; };
		CE7CE2831C2019330004587F /* Info.plist */ = {isa = PBXFileReference; lastKnownFileType = text.plist.xml; path = Info.plist; sourceTree = "<group>"; };
		CE7CE2881C2019330004587F /* WachUITests.xctest */ = {isa = PBXFileReference; explicitFileType = wrapper.cfbundle; includeInIndex = 0; path = WachUITests.xctest; sourceTree = BUILT_PRODUCTS_DIR; };
		CE7CE28C1C2019330004587F /* WachUITests.m */ = {isa = PBXFileReference; lastKnownFileType = sourcecode.c.objc; path = WachUITests.m; sourceTree = "<group>"; };
		CE7CE28E1C2019330004587F /* Info.plist */ = {isa = PBXFileReference; lastKnownFileType = text.plist.xml; path = Info.plist; sourceTree = "<group>"; };
		CE80815A1C27DE8E00A34260 /* repeatdayTableViewController.h */ = {isa = PBXFileReference; fileEncoding = 4; lastKnownFileType = sourcecode.c.h; path = repeatdayTableViewController.h; sourceTree = "<group>"; };
		CE80815B1C27DE8E00A34260 /* repeatdayTableViewController.m */ = {isa = PBXFileReference; fileEncoding = 4; lastKnownFileType = sourcecode.c.objc; path = repeatdayTableViewController.m; sourceTree = "<group>"; };
		CE80815D1C27DEB000A34260 /* soundselect.h */ = {isa = PBXFileReference; fileEncoding = 4; lastKnownFileType = sourcecode.c.h; path = soundselect.h; sourceTree = "<group>"; };
		CE80815E1C27DEB000A34260 /* soundselect.m */ = {isa = PBXFileReference; fileEncoding = 4; lastKnownFileType = sourcecode.c.objc; path = soundselect.m; sourceTree = "<group>"; };
		CE8081601C27DF2800A34260 /* comment.h */ = {isa = PBXFileReference; fileEncoding = 4; lastKnownFileType = sourcecode.c.h; path = comment.h; sourceTree = "<group>"; };
		CE8081611C27DF2800A34260 /* comment.m */ = {isa = PBXFileReference; fileEncoding = 4; lastKnownFileType = sourcecode.c.objc; path = comment.m; sourceTree = "<group>"; };
		CE80816C1C282D6F00A34260 /* weekday.h */ = {isa = PBXFileReference; fileEncoding = 4; lastKnownFileType = sourcecode.c.h; path = weekday.h; sourceTree = "<group>"; };
		CE80816D1C282D6F00A34260 /* weekday.m */ = {isa = PBXFileReference; fileEncoding = 4; lastKnownFileType = sourcecode.c.objc; path = weekday.m; sourceTree = "<group>"; };
		CE8081731C2842A600A34260 /* weekdays.h */ = {isa = PBXFileReference; fileEncoding = 4; lastKnownFileType = sourcecode.c.h; path = weekdays.h; sourceTree = "<group>"; };
		CE8081741C2842A600A34260 /* weekdays.m */ = {isa = PBXFileReference; fileEncoding = 4; lastKnownFileType = sourcecode.c.objc; path = weekdays.m; sourceTree = "<group>"; };
		CE8081761C28432800A34260 /* soundpick.h */ = {isa = PBXFileReference; fileEncoding = 4; lastKnownFileType = sourcecode.c.h; path = soundpick.h; sourceTree = "<group>"; };
		CE8081771C28432800A34260 /* soundpick.m */ = {isa = PBXFileReference; fileEncoding = 4; lastKnownFileType = sourcecode.c.objc; path = soundpick.m; sourceTree = "<group>"; };
		CE8081791C284E8100A34260 /* alarmstart.h */ = {isa = PBXFileReference; fileEncoding = 4; lastKnownFileType = sourcecode.c.h; path = alarmstart.h; sourceTree = "<group>"; };
		CE80817A1C284E8100A34260 /* alarmstart.m */ = {isa = PBXFileReference; fileEncoding = 4; lastKnownFileType = sourcecode.c.objc; path = alarmstart.m; sourceTree = "<group>"; };
		CEB0F0941C2191F900E032DA /* TableViewCell.h */ = {isa = PBXFileReference; fileEncoding = 4; lastKnownFileType = sourcecode.c.h; path = TableViewCell.h; sourceTree = "<group>"; };
		CEB0F0951C2191F900E032DA /* TableViewCell.m */ = {isa = PBXFileReference; fileEncoding = 4; lastKnownFileType = sourcecode.c.objc; path = TableViewCell.m; sourceTree = "<group>"; };
		CEB0F0961C2191F900E032DA /* TableViewCell.xib */ = {isa = PBXFileReference; fileEncoding = 4; lastKnownFileType = file.xib; path = TableViewCell.xib; sourceTree = "<group>"; };
/* End PBXFileReference section */

/* Begin PBXFrameworksBuildPhase section */
		CE7CE2611C2019320004587F /* Frameworks */ = {
			isa = PBXFrameworksBuildPhase;
			buildActionMask = 2147483647;
			files = (
			);
			runOnlyForDeploymentPostprocessing = 0;
		};
		CE7CE27A1C2019330004587F /* Frameworks */ = {
			isa = PBXFrameworksBuildPhase;
			buildActionMask = 2147483647;
			files = (
			);
			runOnlyForDeploymentPostprocessing = 0;
		};
		CE7CE2851C2019330004587F /* Frameworks */ = {
			isa = PBXFrameworksBuildPhase;
			buildActionMask = 2147483647;
			files = (
			);
			runOnlyForDeploymentPostprocessing = 0;
		};
/* End PBXFrameworksBuildPhase section */

/* Begin PBXGroup section */
		CE3A4A5E1C22EC4A00ED2F14 /* cell */ = {
			isa = PBXGroup;
			children = (
				CEB0F0941C2191F900E032DA /* TableViewCell.h */,
				CEB0F0951C2191F900E032DA /* TableViewCell.m */,
				CEB0F0961C2191F900E032DA /* TableViewCell.xib */,
			);
			name = cell;
			sourceTree = "<group>";
		};
		CE3A4A5F1C22EC5E00ED2F14 /* alarm */ = {
			isa = PBXGroup;
			children = (
				CE5443471C23F5690003857B /* alarmViewController.h */,
				CE5443481C23F5690003857B /* alarmViewController.m */,
				CE80816C1C282D6F00A34260 /* weekday.h */,
				CE80816D1C282D6F00A34260 /* weekday.m */,
			);
			name = alarm;
			sourceTree = "<group>";
		};
		CE7CE25B1C2019320004587F = {
			isa = PBXGroup;
			children = (
				CE7CE2661C2019320004587F /* Wach */,
				CE7CE2801C2019330004587F /* WachTests */,
				CE7CE28B1C2019330004587F /* WachUITests */,
				CE7CE2651C2019320004587F /* Products */,
			);
			sourceTree = "<group>";
		};
		CE7CE2651C2019320004587F /* Products */ = {
			isa = PBXGroup;
			children = (
				CE7CE2641C2019320004587F /* Wach.app */,
				CE7CE27D1C2019330004587F /* WachTests.xctest */,
				CE7CE2881C2019330004587F /* WachUITests.xctest */,
			);
			name = Products;
			sourceTree = "<group>";
		};
		CE7CE2661C2019320004587F /* Wach */ = {
			isa = PBXGroup;
			children = (
				CE80816F1C28421300A34260 /* New Group1 */,
				CE8081591C27DE5000A34260 /* New Group */,
				CE3A4A5F1C22EC5E00ED2F14 /* alarm */,
				CE3A4A5E1C22EC4A00ED2F14 /* cell */,
				CE7CE26A1C2019320004587F /* AppDelegate.h */,
				CE7CE26B1C2019320004587F /* AppDelegate.m */,
				CE7CE26D1C2019320004587F /* ViewController.h */,
				CE7CE26E1C2019320004587F /* ViewController.m */,
				CE7CE2701C2019320004587F /* Main.storyboard */,
				CE7CE2731C2019320004587F /* Assets.xcassets */,
				CE7CE2751C2019320004587F /* LaunchScreen.storyboard */,
				CE7CE2781C2019320004587F /* Info.plist */,
				CE7CE2671C2019320004587F /* Supporting Files */,
			);
			path = Wach;
			sourceTree = "<group>";
		};
		CE7CE2671C2019320004587F /* Supporting Files */ = {
			isa = PBXGroup;
			children = (
				CE7CE2681C2019320004587F /* main.m */,
			);
			name = "Supporting Files";
			sourceTree = "<group>";
		};
		CE7CE2801C2019330004587F /* WachTests */ = {
			isa = PBXGroup;
			children = (
				CE7CE2811C2019330004587F /* WachTests.m */,
				CE7CE2831C2019330004587F /* Info.plist */,
			);
			path = WachTests;
			sourceTree = "<group>";
		};
		CE7CE28B1C2019330004587F /* WachUITests */ = {
			isa = PBXGroup;
			children = (
				CE7CE28C1C2019330004587F /* WachUITests.m */,
				CE7CE28E1C2019330004587F /* Info.plist */,
			);
			path = WachUITests;
			sourceTree = "<group>";
		};
		CE8081591C27DE5000A34260 /* New Group */ = {
			isa = PBXGroup;
			children = (
				CE80815A1C27DE8E00A34260 /* repeatdayTableViewController.h */,
				CE80815B1C27DE8E00A34260 /* repeatdayTableViewController.m */,
				CE80815D1C27DEB000A34260 /* soundselect.h */,
				CE80815E1C27DEB000A34260 /* soundselect.m */,
				CE8081601C27DF2800A34260 /* comment.h */,
				CE8081611C27DF2800A34260 /* comment.m */,
			);
			name = "New Group";
			sourceTree = "<group>";
		};
		CE80816F1C28421300A34260 /* New Group1 */ = {
			isa = PBXGroup;
			children = (
				CE8081731C2842A600A34260 /* weekdays.h */,
				CE8081741C2842A600A34260 /* weekdays.m */,
				CE8081761C28432800A34260 /* soundpick.h */,
				CE8081771C28432800A34260 /* soundpick.m */,
				CE8081791C284E8100A34260 /* alarmstart.h */,
				CE80817A1C284E8100A34260 /* alarmstart.m */,
			);
			name = "New Group1";
			sourceTree = "<group>";
		};
/* End PBXGroup section */

/* Begin PBXNativeTarget section */
		CE7CE2631C2019320004587F /* Wach */ = {
			isa = PBXNativeTarget;
			buildConfigurationList = CE7CE2911C2019330004587F /* Build configuration list for PBXNativeTarget "Wach" */;
			buildPhases = (
				CE7CE2601C2019320004587F /* Sources */,
				CE7CE2611C2019320004587F /* Frameworks */,
				CE7CE2621C2019320004587F /* Resources */,
			);
			buildRules = (
			);
			dependencies = (
			);
			name = Wach;
			productName = Wach;
			productReference = CE7CE2641C2019320004587F /* Wach.app */;
			productType = "com.apple.product-type.application";
		};
		CE7CE27C1C2019330004587F /* WachTests */ = {
			isa = PBXNativeTarget;
			buildConfigurationList = CE7CE2941C2019330004587F /* Build configuration list for PBXNativeTarget "WachTests" */;
			buildPhases = (
				CE7CE2791C2019330004587F /* Sources */,
				CE7CE27A1C2019330004587F /* Frameworks */,
				CE7CE27B1C2019330004587F /* Resources */,
			);
			buildRules = (
			);
			dependencies = (
				CE7CE27F1C2019330004587F /* PBXTargetDependency */,
			);
			name = WachTests;
			productName = WachTests;
			productReference = CE7CE27D1C2019330004587F /* WachTests.xctest */;
			productType = "com.apple.product-type.bundle.unit-test";
		};
		CE7CE2871C2019330004587F /* WachUITests */ = {
			isa = PBXNativeTarget;
			buildConfigurationList = CE7CE2971C2019330004587F /* Build configuration list for PBXNativeTarget "WachUITests" */;
			buildPhases = (
				CE7CE2841C2019330004587F /* Sources */,
				CE7CE2851C2019330004587F /* Frameworks */,
				CE7CE2861C2019330004587F /* Resources */,
			);
			buildRules = (
			);
			dependencies = (
				CE7CE28A1C2019330004587F /* PBXTargetDependency */,
			);
			name = WachUITests;
			productName = WachUITests;
			productReference = CE7CE2881C2019330004587F /* WachUITests.xctest */;
			productType = "com.apple.product-type.bundle.ui-testing";
		};
/* End PBXNativeTarget section */

/* Begin PBXProject section */
		CE7CE25C1C2019320004587F /* Project object */ = {
			isa = PBXProject;
			attributes = {
				LastUpgradeCheck = 0710;
				ORGANIZATIONNAME = User;
				TargetAttributes = {
					CE7CE2631C2019320004587F = {
						CreatedOnToolsVersion = 7.1.1;
					};
					CE7CE27C1C2019330004587F = {
						CreatedOnToolsVersion = 7.1.1;
						TestTargetID = CE7CE2631C2019320004587F;
					};
					CE7CE2871C2019330004587F = {
						CreatedOnToolsVersion = 7.1.1;
						TestTargetID = CE7CE2631C2019320004587F;
					};
				};
			};
			buildConfigurationList = CE7CE25F1C2019320004587F /* Build configuration list for PBXProject "Wach" */;
			compatibilityVersion = "Xcode 3.2";
			developmentRegion = English;
			hasScannedForEncodings = 0;
			knownRegions = (
				en,
				Base,
			);
			mainGroup = CE7CE25B1C2019320004587F;
			productRefGroup = CE7CE2651C2019320004587F /* Products */;
			projectDirPath = "";
			projectRoot = "";
			targets = (
				CE7CE2631C2019320004587F /* Wach */,
				CE7CE27C1C2019330004587F /* WachTests */,
				CE7CE2871C2019330004587F /* WachUITests */,
			);
		};
/* End PBXProject section */

/* Begin PBXResourcesBuildPhase section */
		CE7CE2621C2019320004587F /* Resources */ = {
			isa = PBXResourcesBuildPhase;
			buildActionMask = 2147483647;
			files = (
				CE7CE2771C2019320004587F /* LaunchScreen.storyboard in Resources */,
				CEB0F0981C2191F900E032DA /* TableViewCell.xib in Resources */,
				CE7CE2741C2019320004587F /* Assets.xcassets in Resources */,
				CE7CE2721C2019320004587F /* Main.storyboard in Resources */,
			);
			runOnlyForDeploymentPostprocessing = 0;
		};
		CE7CE27B1C2019330004587F /* Resources */ = {
			isa = PBXResourcesBuildPhase;
			buildActionMask = 2147483647;
			files = (
			);
			runOnlyForDeploymentPostprocessing = 0;
		};
		CE7CE2861C2019330004587F /* Resources */ = {
			isa = PBXResourcesBuildPhase;
			buildActionMask = 2147483647;
			files = (
			);
			runOnlyForDeploymentPostprocessing = 0;
		};
/* End PBXResourcesBuildPhase section */

/* Begin PBXSourcesBuildPhase section */
		CE7CE2601C2019320004587F /* Sources */ = {
			isa = PBXSourcesBuildPhase;
			buildActionMask = 2147483647;
			files = (
				CE7CE26F1C2019320004587F /* ViewController.m in Sources */,
				CE80815C1C27DE8E00A34260 /* repeatdayTableViewController.m in Sources */,
				CE8081781C28432800A34260 /* soundpick.m in Sources */,
				CE7CE26C1C2019320004587F /* AppDelegate.m in Sources */,
				CEB0F0971C2191F900E032DA /* TableViewCell.m in Sources */,
				CE7CE2691C2019320004587F /* main.m in Sources */,
				CE5443491C23F5690003857B /* alarmViewController.m in Sources */,
				CE80815F1C27DEB000A34260 /* soundselect.m in Sources */,
				CE8081751C2842A600A34260 /* weekdays.m in Sources */,
				CE80816E1C282D6F00A34260 /* weekday.m in Sources */,
				CE80817B1C284E8100A34260 /* alarmstart.m in Sources */,
				CE8081621C27DF2800A34260 /* comment.m in Sources */,
			);
			runOnlyForDeploymentPostprocessing = 0;
		};
		CE7CE2791C2019330004587F /* Sources */ = {
			isa = PBXSourcesBuildPhase;
			buildActionMask = 2147483647;
			files = (
				CE7CE2821C2019330004587F /* WachTests.m in Sources */,
			);
			runOnlyForDeploymentPostprocessing = 0;
		};
		CE7CE2841C2019330004587F /* Sources */ = {
			isa = PBXSourcesBuildPhase;
			buildActionMask = 2147483647;
			files = (
				CE7CE28D1C2019330004587F /* WachUITests.m in Sources */,
			);
			runOnlyForDeploymentPostprocessing = 0;
		};
/* End PBXSourcesBuildPhase section */

/* Begin PBXTargetDependency section */
		CE7CE27F1C2019330004587F /* PBXTargetDependency */ = {
			isa = PBXTargetDependency;
			target = CE7CE2631C2019320004587F /* Wach */;
			targetProxy = CE7CE27E1C2019330004587F /* PBXContainerItemProxy */;
		};
		CE7CE28A1C2019330004587F /* PBXTargetDependency */ = {
			isa = PBXTargetDependency;
			target = CE7CE2631C2019320004587F /* Wach */;
			targetProxy = CE7CE2891C2019330004587F /* PBXContainerItemProxy */;
		};
/* End PBXTargetDependency section */

/* Begin PBXVariantGroup section */
		CE7CE2701C2019320004587F /* Main.storyboard */ = {
			isa = PBXVariantGroup;
			children = (
				CE7CE2711C2019320004587F /* Base */,
			);
			name = Main.storyboard;
			sourceTree = "<group>";
		};
		CE7CE2751C2019320004587F /* LaunchScreen.storyboard */ = {
			isa = PBXVariantGroup;
			children = (
				CE7CE2761C2019320004587F /* Base */,
			);
			name = LaunchScreen.storyboard;
			sourceTree = "<group>";
		};
/* End PBXVariantGroup section */

/* Begin XCBuildConfiguration section */
		CE7CE28F1C2019330004587F /* Debug */ = {
			isa = XCBuildConfiguration;
			buildSettings = {
				ALWAYS_SEARCH_USER_PATHS = NO;
				CLANG_CXX_LANGUAGE_STANDARD = "gnu++0x";
				CLANG_CXX_LIBRARY = "libc++";
				CLANG_ENABLE_MODULES = YES;
				CLANG_ENABLE_OBJC_ARC = YES;
				CLANG_WARN_BOOL_CONVERSION = YES;
				CLANG_WARN_CONSTANT_CONVERSION = YES;
				CLANG_WARN_DIRECT_OBJC_ISA_USAGE = YES_ERROR;
				CLANG_WARN_EMPTY_BODY = YES;
				CLANG_WARN_ENUM_CONVERSION = YES;
				CLANG_WARN_INT_CONVERSION = YES;
				CLANG_WARN_OBJC_ROOT_CLASS = YES_ERROR;
				CLANG_WARN_UNREACHABLE_CODE = YES;
				CLANG_WARN__DUPLICATE_METHOD_MATCH = YES;
				"CODE_SIGN_IDENTITY[sdk=iphoneos*]" = "iPhone Developer";
				COPY_PHASE_STRIP = NO;
				DEBUG_INFORMATION_FORMAT = dwarf;
				ENABLE_STRICT_OBJC_MSGSEND = YES;
				ENABLE_TESTABILITY = YES;
				GCC_C_LANGUAGE_STANDARD = gnu99;
				GCC_DYNAMIC_NO_PIC = NO;
				GCC_NO_COMMON_BLOCKS = YES;
				GCC_OPTIMIZATION_LEVEL = 0;
				GCC_PREPROCESSOR_DEFINITIONS = (
					"DEBUG=1",
					"$(inherited)",
				);
				GCC_WARN_64_TO_32_BIT_CONVERSION = YES;
				GCC_WARN_ABOUT_RETURN_TYPE = YES_ERROR;
				GCC_WARN_UNDECLARED_SELECTOR = YES;
				GCC_WARN_UNINITIALIZED_AUTOS = YES_AGGRESSIVE;
				GCC_WARN_UNUSED_FUNCTION = YES;
				GCC_WARN_UNUSED_VARIABLE = YES;
				IPHONEOS_DEPLOYMENT_TARGET = 9.1;
				MTL_ENABLE_DEBUG_INFO = YES;
				ONLY_ACTIVE_ARCH = YES;
				SDKROOT = iphoneos;
				TARGETED_DEVICE_FAMILY = "1,2";
			};
			name = Debug;
		};
		CE7CE2901C2019330004587F /* Release */ = {
			isa = XCBuildConfiguration;
			buildSettings = {
				ALWAYS_SEARCH_USER_PATHS = NO;
				CLANG_CXX_LANGUAGE_STANDARD = "gnu++0x";
				CLANG_CXX_LIBRARY = "libc++";
				CLANG_ENABLE_MODULES = YES;
				CLANG_ENABLE_OBJC_ARC = YES;
				CLANG_WARN_BOOL_CONVERSION = YES;
				CLANG_WARN_CONSTANT_CONVERSION = YES;
				CLANG_WARN_DIRECT_OBJC_ISA_USAGE = YES_ERROR;
				CLANG_WARN_EMPTY_BODY = YES;
				CLANG_WARN_ENUM_CONVERSION = YES;
				CLANG_WARN_INT_CONVERSION = YES;
				CLANG_WARN_OBJC_ROOT_CLASS = YES_ERROR;
				CLANG_WARN_UNREACHABLE_CODE = YES;
				CLANG_WARN__DUPLICATE_METHOD_MATCH = YES;
				"CODE_SIGN_IDENTITY[sdk=iphoneos*]" = "iPhone Developer";
				COPY_PHASE_STRIP = NO;
				DEBUG_INFORMATION_FORMAT = "dwarf-with-dsym";
				ENABLE_NS_ASSERTIONS = NO;
				ENABLE_STRICT_OBJC_MSGSEND = YES;
				GCC_C_LANGUAGE_STANDARD = gnu99;
				GCC_NO_COMMON_BLOCKS = YES;
				GCC_WARN_64_TO_32_BIT_CONVERSION = YES;
				GCC_WARN_ABOUT_RETURN_TYPE = YES_ERROR;
				GCC_WARN_UNDECLARED_SELECTOR = YES;
				GCC_WARN_UNINITIALIZED_AUTOS = YES_AGGRESSIVE;
				GCC_WARN_UNUSED_FUNCTION = YES;
				GCC_WARN_UNUSED_VARIABLE = YES;
				IPHONEOS_DEPLOYMENT_TARGET = 9.1;
				MTL_ENABLE_DEBUG_INFO = NO;
				SDKROOT = iphoneos;
				TARGETED_DEVICE_FAMILY = "1,2";
				VALIDATE_PRODUCT = YES;
			};
			name = Release;
		};
		CE7CE2921C2019330004587F /* Debug */ = {
			isa = XCBuildConfiguration;
			buildSettings = {
				ASSETCATALOG_COMPILER_APPICON_NAME = AppIcon;
				INFOPLIST_FILE = Wach/Info.plist;
				LD_RUNPATH_SEARCH_PATHS = "$(inherited) @executable_path/Frameworks";
				PRODUCT_BUNDLE_IDENTIFIER = user.Wach;
				PRODUCT_NAME = "$(TARGET_NAME)";
				TARGETED_DEVICE_FAMILY = 1;
			};
			name = Debug;
		};
		CE7CE2931C2019330004587F /* Release */ = {
			isa = XCBuildConfiguration;
			buildSettings = {
				ASSETCATALOG_COMPILER_APPICON_NAME = AppIcon;
				INFOPLIST_FILE = Wach/Info.plist;
				LD_RUNPATH_SEARCH_PATHS = "$(inherited) @executable_path/Frameworks";
				PRODUCT_BUNDLE_IDENTIFIER = user.Wach;
				PRODUCT_NAME = "$(TARGET_NAME)";
				TARGETED_DEVICE_FAMILY = 1;
			};
			name = Release;
		};
		CE7CE2951C2019330004587F /* Debug */ = {
			isa = XCBuildConfiguration;
			buildSettings = {
				BUNDLE_LOADER = "$(TEST_HOST)";
				INFOPLIST_FILE = WachTests/Info.plist;
				LD_RUNPATH_SEARCH_PATHS = "$(inherited) @executable_path/Frameworks @loader_path/Frameworks";
				PRODUCT_BUNDLE_IDENTIFIER = user.WachTests;
				PRODUCT_NAME = "$(TARGET_NAME)";
				TEST_HOST = "$(BUILT_PRODUCTS_DIR)/Wach.app/Wach";
			};
			name = Debug;
		};
		CE7CE2961C2019330004587F /* Release */ = {
			isa = XCBuildConfiguration;
			buildSettings = {
				BUNDLE_LOADER = "$(TEST_HOST)";
				INFOPLIST_FILE = WachTests/Info.plist;
				LD_RUNPATH_SEARCH_PATHS = "$(inherited) @executable_path/Frameworks @loader_path/Frameworks";
				PRODUCT_BUNDLE_IDENTIFIER = user.WachTests;
				PRODUCT_NAME = "$(TARGET_NAME)";
				TEST_HOST = "$(BUILT_PRODUCTS_DIR)/Wach.app/Wach";
			};
			name = Release;
		};
		CE7CE2981C2019330004587F /* Debug */ = {
			isa = XCBuildConfiguration;
			buildSettings = {
				INFOPLIST_FILE = WachUITests/Info.plist;
				LD_RUNPATH_SEARCH_PATHS = "$(inherited) @executable_path/Frameworks @loader_path/Frameworks";
				PRODUCT_BUNDLE_IDENTIFIER = user.WachUITests;
				PRODUCT_NAME = "$(TARGET_NAME)";
				TEST_TARGET_NAME = Wach;
				USES_XCTRUNNER = YES;
			};
			name = Debug;
		};
		CE7CE2991C2019330004587F /* Release */ = {
			isa = XCBuildConfiguration;
			buildSettings = {
				INFOPLIST_FILE = WachUITests/Info.plist;
				LD_RUNPATH_SEARCH_PATHS = "$(inherited) @executable_path/Frameworks @loader_path/Frameworks";
				PRODUCT_BUNDLE_IDENTIFIER = user.WachUITests;
				PRODUCT_NAME = "$(TARGET_NAME)";
				TEST_TARGET_NAME = Wach;
				USES_XCTRUNNER = YES;
			};
			name = Release;
		};
/* End XCBuildConfiguration section */

/* Begin XCConfigurationList section */
		CE7CE25F1C2019320004587F /* Build configuration list for PBXProject "Wach" */ = {
			isa = XCConfigurationList;
			buildConfigurations = (
				CE7CE28F1C2019330004587F /* Debug */,
				CE7CE2901C2019330004587F /* Release */,
			);
			defaultConfigurationIsVisible = 0;
			defaultConfigurationName = Release;
		};
		CE7CE2911C2019330004587F /* Build configuration list for PBXNativeTarget "Wach" */ = {
			isa = XCConfigurationList;
			buildConfigurations = (
				CE7CE2921C2019330004587F /* Debug */,
				CE7CE2931C2019330004587F /* Release */,
			);
			defaultConfigurationIsVisible = 0;
			defaultConfigurationName = Release;
		};
		CE7CE2941C2019330004587F /* Build configuration list for PBXNativeTarget "WachTests" */ = {
			isa = XCConfigurationList;
			buildConfigurations = (
				CE7CE2951C2019330004587F /* Debug */,
				CE7CE2961C2019330004587F /* Release */,
			);
			defaultConfigurationIsVisible = 0;
			defaultConfigurationName = Release;
		};
		CE7CE2971C2019330004587F /* Build configuration list for PBXNativeTarget "WachUITests" */ = {
			isa = XCConfigurationList;
			buildConfigurations = (
				CE7CE2981C2019330004587F /* Debug */,
				CE7CE2991C2019330004587F /* Release */,
			);
			defaultConfigurationIsVisible = 0;
			defaultConfigurationName = Release;
		};
/* End XCConfigurationList section */
	};
	rootObject = CE7CE25C1C2019320004587F /* Project object */;
}
